
Microsoft Visual Studio Solution File, Format Version 12.00
# Visual Studio 15
VisualStudioVersion = 15.0.28010.2003
MinimumVisualStudioVersion = 10.0.40219.1
Project("{FAE04EC0-301F-11D3-BF4B-00C04F79EFBC}") = "Calendar_HYJ", "Calendar_HYJ\Calendar_HYJ.csproj", "{99F462F0-7A5C-4A50-B853-DC392D432342}"
EndProject
Global
	GlobalSection(SolutionConfigurationPlatforms) = preSolution
		Debug|Any CPU = Debug|Any CPU
		Release|Any CPU = Release|Any CPU
	EndGlobalSection
	GlobalSection(ProjectConfigurationPlatforms) = postSolution
		{99F462F0-7A5C-4A50-B853-DC392D432342}.Debug|Any CPU.ActiveCfg = Debug|Any CPU
		{99F462F0-7A5C-4A50-B853-DC392D432342}.Debug|Any CPU.Build.0 = Debug|Any CPU
		{99F462F0-7A5C-4A50-B853-DC392D432342}.Release|Any CPU.ActiveCfg = Release|Any CPU
		{99F462F0-7A5C-4A50-B853-DC392D432342}.Release|Any CPU.Build.0 = Release|Any CPU
	EndGlobalSection
	GlobalSection(SolutionProperties) = preSolution
		HideSolutionNode = FALSE
	EndGlobalSection
	GlobalSection(ExtensibilityGlobals) = postSolution
		SolutionGuid = {D49D4AD1-26D0-4D27-A3A3-BF90F4D1EABC}
	EndGlobalSection
EndGlobal
